// !$*UTF8*$!
{
	archiveVersion = 1;
	classes = {
	};
	objectVersion = 55;
	objects = {

/* Begin PBXBuildFile section */
		3B65653500307560D75C6C13 /* Pods_Nimble_Code_Challenge.framework in Frameworks */ = {isa = PBXBuildFile; fileRef = AA471B0BA741E73D5FC40DF0 /* Pods_Nimble_Code_Challenge.framework */; };
		50128CA3B29DF9D80A95AE77 /* Pods_Nimble_Code_ChallengeTests.framework in Frameworks */ = {isa = PBXBuildFile; fileRef = 69427D46C59A2DA4FFBE7C8B /* Pods_Nimble_Code_ChallengeTests.framework */; };
		F7026F6B286C3B4300523A2A /* BaseService.swift in Sources */ = {isa = PBXBuildFile; fileRef = F7026F6A286C3B4300523A2A /* BaseService.swift */; };
		F7026F6D286C3E1200523A2A /* AuthService.swift in Sources */ = {isa = PBXBuildFile; fileRef = F7026F6C286C3E1200523A2A /* AuthService.swift */; };
		F7026F6F286C3E2600523A2A /* AuthAPI.swift in Sources */ = {isa = PBXBuildFile; fileRef = F7026F6E286C3E2600523A2A /* AuthAPI.swift */; };
		F7026F71286C3E3B00523A2A /* AuthAPI+TargetType.swift in Sources */ = {isa = PBXBuildFile; fileRef = F7026F70286C3E3B00523A2A /* AuthAPI+TargetType.swift */; };
		F7026F74286C3EA100523A2A /* NimbleNetworkService.swift in Sources */ = {isa = PBXBuildFile; fileRef = F7026F73286C3EA100523A2A /* NimbleNetworkService.swift */; };
		F7026F76286C401800523A2A /* TokenError.swift in Sources */ = {isa = PBXBuildFile; fileRef = F7026F75286C401800523A2A /* TokenError.swift */; };
		F7026F7A286C50BE00523A2A /* Error+Extensions.swift in Sources */ = {isa = PBXBuildFile; fileRef = F7026F79286C50BE00523A2A /* Error+Extensions.swift */; };
		F7026F7E286D6F9800523A2A /* UILabel+Extensions.swift in Sources */ = {isa = PBXBuildFile; fileRef = F7026F7D286D6F9800523A2A /* UILabel+Extensions.swift */; };
		F71F86122865608800767F6E /* AppDelegate.swift in Sources */ = {isa = PBXBuildFile; fileRef = F71F86112865608800767F6E /* AppDelegate.swift */; };
		F71F861B2865608900767F6E /* Assets.xcassets in Resources */ = {isa = PBXBuildFile; fileRef = F71F861A2865608900767F6E /* Assets.xcassets */; };
		F71F861E2865608900767F6E /* LaunchScreen.storyboard in Resources */ = {isa = PBXBuildFile; fileRef = F71F861C2865608900767F6E /* LaunchScreen.storyboard */; };
		F71F864C2865688B00767F6E /* ViewModelType.swift in Sources */ = {isa = PBXBuildFile; fileRef = F71F864B2865688B00767F6E /* ViewModelType.swift */; };
		F71F864E2865691500767F6E /* ViewControllerType.swift in Sources */ = {isa = PBXBuildFile; fileRef = F71F864D2865691500767F6E /* ViewControllerType.swift */; };
		F71F86512865695C00767F6E /* NSObject+Extensions.swift in Sources */ = {isa = PBXBuildFile; fileRef = F71F86502865695C00767F6E /* NSObject+Extensions.swift */; };
		F71F865528656A4600767F6E /* LoginViewController.swift in Sources */ = {isa = PBXBuildFile; fileRef = F71F865328656A4600767F6E /* LoginViewController.swift */; };
		F71F865628656A4600767F6E /* LoginViewController.xib in Resources */ = {isa = PBXBuildFile; fileRef = F71F865428656A4600767F6E /* LoginViewController.xib */; };
		F71F865928656A6400767F6E /* LoginViewModel.swift in Sources */ = {isa = PBXBuildFile; fileRef = F71F865828656A6400767F6E /* LoginViewModel.swift */; };
		F71F865B28656B0B00767F6E /* AppCoordinator.swift in Sources */ = {isa = PBXBuildFile; fileRef = F71F865A28656B0B00767F6E /* AppCoordinator.swift */; };
		F71F865D28656BA000767F6E /* CoordinatorType.swift in Sources */ = {isa = PBXBuildFile; fileRef = F71F865C28656BA000767F6E /* CoordinatorType.swift */; };
		F71F866028656D4D00767F6E /* LoginCoordinator.swift in Sources */ = {isa = PBXBuildFile; fileRef = F71F865F28656D4D00767F6E /* LoginCoordinator.swift */; };
		F71F8663286583F800767F6E /* NimbleSurveyAPI.swift in Sources */ = {isa = PBXBuildFile; fileRef = F71F8662286583F800767F6E /* NimbleSurveyAPI.swift */; };
		F71F86652865846100767F6E /* NimbleSurveyAPI+TargetType.swift in Sources */ = {isa = PBXBuildFile; fileRef = F71F86642865846100767F6E /* NimbleSurveyAPI+TargetType.swift */; };
		F71F8668286584C800767F6E /* AppConstants.swift in Sources */ = {isa = PBXBuildFile; fileRef = F71F8667286584C800767F6E /* AppConstants.swift */; };
		F71F866A2865859800767F6E /* BaseProvider.swift in Sources */ = {isa = PBXBuildFile; fileRef = F71F86692865859800767F6E /* BaseProvider.swift */; };
		F71F867028658EF800767F6E /* NimbleNetworkServiceImpl.swift in Sources */ = {isa = PBXBuildFile; fileRef = F71F866F28658EF800767F6E /* NimbleNetworkServiceImpl.swift */; };
		F779C2E3286645660046DF5F /* LoginViewUseCase.swift in Sources */ = {isa = PBXBuildFile; fileRef = F779C2E2286645660046DF5F /* LoginViewUseCase.swift */; };
		F779C2E7286646C40046DF5F /* CredentialRepository.swift in Sources */ = {isa = PBXBuildFile; fileRef = F779C2E6286646C40046DF5F /* CredentialRepository.swift */; };
		F779C2EA286751F20046DF5F /* UIView+Extensions.swift in Sources */ = {isa = PBXBuildFile; fileRef = F779C2E9286751F20046DF5F /* UIView+Extensions.swift */; };
		F779C2EC286754F40046DF5F /* UIColor+Extensions.swift in Sources */ = {isa = PBXBuildFile; fileRef = F779C2EB286754F40046DF5F /* UIColor+Extensions.swift */; };
		F779C2EF28675B4E0046DF5F /* ActivityIndicator.swift in Sources */ = {isa = PBXBuildFile; fileRef = F779C2EE28675B4E0046DF5F /* ActivityIndicator.swift */; };
		F779C2F628695A230046DF5F /* APIErrorDTO.swift in Sources */ = {isa = PBXBuildFile; fileRef = F779C2F528695A230046DF5F /* APIErrorDTO.swift */; };
		F779C2FF2869640A0046DF5F /* CredentialDTO.swift in Sources */ = {isa = PBXBuildFile; fileRef = F779C2FE2869640A0046DF5F /* CredentialDTO.swift */; };
		F779C3012869657B0046DF5F /* DataResponseDTO.swift in Sources */ = {isa = PBXBuildFile; fileRef = F779C3002869657B0046DF5F /* DataResponseDTO.swift */; };
		F779C30628697CEE0046DF5F /* HomeCoordinator.swift in Sources */ = {isa = PBXBuildFile; fileRef = F779C30528697CEE0046DF5F /* HomeCoordinator.swift */; };
		F779C30C286980570046DF5F /* HomeViewController.swift in Sources */ = {isa = PBXBuildFile; fileRef = F779C30A286980570046DF5F /* HomeViewController.swift */; };
		F779C30D286980570046DF5F /* HomeViewController.xib in Resources */ = {isa = PBXBuildFile; fileRef = F779C30B286980570046DF5F /* HomeViewController.xib */; };
		F779C30F2869AA1E0046DF5F /* IndicatorLoader.swift in Sources */ = {isa = PBXBuildFile; fileRef = F779C30E2869AA1E0046DF5F /* IndicatorLoader.swift */; };
		F779C3112869AC190046DF5F /* UserSession.swift in Sources */ = {isa = PBXBuildFile; fileRef = F779C3102869AC190046DF5F /* UserSession.swift */; };
		F779C3132869AC2C0046DF5F /* Credential.swift in Sources */ = {isa = PBXBuildFile; fileRef = F779C3122869AC2C0046DF5F /* Credential.swift */; };
		F779C3162869ED7F0046DF5F /* Mockable.swift in Sources */ = {isa = PBXBuildFile; fileRef = F779C3152869ED7F0046DF5F /* Mockable.swift */; };
		F779C3202869EE760046DF5F /* LoginViewModelTest.swift in Sources */ = {isa = PBXBuildFile; fileRef = F779C31F2869EE760046DF5F /* LoginViewModelTest.swift */; };
		F779C3222869EED00046DF5F /* DataTypeMock.swift in Sources */ = {isa = PBXBuildFile; fileRef = F779C3212869EED00046DF5F /* DataTypeMock.swift */; };
		F779C3242869EFA30046DF5F /* LoginViewUseCaseMock.swift in Sources */ = {isa = PBXBuildFile; fileRef = F779C3232869EFA30046DF5F /* LoginViewUseCaseMock.swift */; };
		F7EFC0AB286B6A2400177139 /* CredentialRepositoryMock.swift in Sources */ = {isa = PBXBuildFile; fileRef = F7EFC0AA286B6A2400177139 /* CredentialRepositoryMock.swift */; };
		F7EFC0AF286B6AAD00177139 /* LoginViewUseCaseTest.swift in Sources */ = {isa = PBXBuildFile; fileRef = F7EFC0AE286B6AAD00177139 /* LoginViewUseCaseTest.swift */; };
		F7EFC0B1286B6ECB00177139 /* CredentialRepositoryTest.swift in Sources */ = {isa = PBXBuildFile; fileRef = F7EFC0B0286B6ECB00177139 /* CredentialRepositoryTest.swift */; };
		F7EFC0B4286B6EF900177139 /* NetworkServiceMock.swift in Sources */ = {isa = PBXBuildFile; fileRef = F7EFC0B3286B6EF900177139 /* NetworkServiceMock.swift */; };
		F7EFC0B7286B714B00177139 /* login_success.json in Resources */ = {isa = PBXBuildFile; fileRef = F7EFC0B6286B714B00177139 /* login_success.json */; };
		F7EFC0B9286B737700177139 /* invalid_grant_400.json in Resources */ = {isa = PBXBuildFile; fileRef = F7EFC0B8286B737700177139 /* invalid_grant_400.json */; };
		F7EFC0BD286CB2B200177139 /* HandleResponse+Extensions.swift in Sources */ = {isa = PBXBuildFile; fileRef = F7EFC0BC286CB2B200177139 /* HandleResponse+Extensions.swift */; };
		F7EFC0C6286CBD8100177139 /* SurveyImageCell.swift in Sources */ = {isa = PBXBuildFile; fileRef = F7EFC0C4286CBD8100177139 /* SurveyImageCell.swift */; };
		F7EFC0C7286CBD8100177139 /* SurveyImageCell.xib in Resources */ = {isa = PBXBuildFile; fileRef = F7EFC0C5286CBD8100177139 /* SurveyImageCell.xib */; };
		F7EFC0CA286CBDF500177139 /* HomeViewModel.swift in Sources */ = {isa = PBXBuildFile; fileRef = F7EFC0C9286CBDF500177139 /* HomeViewModel.swift */; };
		F7EFC0CE286CBF5800177139 /* SurveyDTO.swift in Sources */ = {isa = PBXBuildFile; fileRef = F7EFC0CD286CBF5800177139 /* SurveyDTO.swift */; };
		F7EFC0D1286CC0FA00177139 /* HomeViewUseCase.swift in Sources */ = {isa = PBXBuildFile; fileRef = F7EFC0D0286CC0FA00177139 /* HomeViewUseCase.swift */; };
		F7EFC0D3286CC1F400177139 /* SurveyRepository.swift in Sources */ = {isa = PBXBuildFile; fileRef = F7EFC0D2286CC1F400177139 /* SurveyRepository.swift */; };
		F7EFC0D5286CC38800177139 /* Survey.swift in Sources */ = {isa = PBXBuildFile; fileRef = F7EFC0D4286CC38800177139 /* Survey.swift */; };
		F7EFC0D7286CC39D00177139 /* ResponseMeta.swift in Sources */ = {isa = PBXBuildFile; fileRef = F7EFC0D6286CC39D00177139 /* ResponseMeta.swift */; };
		F7EFC0D9286CC93600177139 /* Array+Extensions.swift in Sources */ = {isa = PBXBuildFile; fileRef = F7EFC0D8286CC93600177139 /* Array+Extensions.swift */; };
		F7EFC0DB286CCA1C00177139 /* BulletsView.swift in Sources */ = {isa = PBXBuildFile; fileRef = F7EFC0DA286CCA1C00177139 /* BulletsView.swift */; };
		F7EFC0DD286CDB5A00177139 /* KeychainHelper.swift in Sources */ = {isa = PBXBuildFile; fileRef = F7EFC0DC286CDB5A00177139 /* KeychainHelper.swift */; };
/* End PBXBuildFile section */

/* Begin PBXContainerItemProxy section */
		F71F86252865608A00767F6E /* PBXContainerItemProxy */ = {
			isa = PBXContainerItemProxy;
			containerPortal = F71F86062865608800767F6E /* Project object */;
			proxyType = 1;
			remoteGlobalIDString = F71F860D2865608800767F6E;
			remoteInfo = "Nimble-Code-Challenge";
		};
/* End PBXContainerItemProxy section */

/* Begin PBXFileReference section */
		52401E2BA42C13F227C682B1 /* Pods-Nimble-Code-Challenge.debug.xcconfig */ = {isa = PBXFileReference; includeInIndex = 1; lastKnownFileType = text.xcconfig; name = "Pods-Nimble-Code-Challenge.debug.xcconfig"; path = "Target Support Files/Pods-Nimble-Code-Challenge/Pods-Nimble-Code-Challenge.debug.xcconfig"; sourceTree = "<group>"; };
		57A2A952F10B66E5F2FCE905 /* Pods-Nimble-Code-Challenge.release.xcconfig */ = {isa = PBXFileReference; includeInIndex = 1; lastKnownFileType = text.xcconfig; name = "Pods-Nimble-Code-Challenge.release.xcconfig"; path = "Target Support Files/Pods-Nimble-Code-Challenge/Pods-Nimble-Code-Challenge.release.xcconfig"; sourceTree = "<group>"; };
		69427D46C59A2DA4FFBE7C8B /* Pods_Nimble_Code_ChallengeTests.framework */ = {isa = PBXFileReference; explicitFileType = wrapper.framework; includeInIndex = 0; path = Pods_Nimble_Code_ChallengeTests.framework; sourceTree = BUILT_PRODUCTS_DIR; };
		8B625CCB9A94CD0678BCF27F /* Pods-Nimble-Code-ChallengeTests.debug.xcconfig */ = {isa = PBXFileReference; includeInIndex = 1; lastKnownFileType = text.xcconfig; name = "Pods-Nimble-Code-ChallengeTests.debug.xcconfig"; path = "Target Support Files/Pods-Nimble-Code-ChallengeTests/Pods-Nimble-Code-ChallengeTests.debug.xcconfig"; sourceTree = "<group>"; };
		9930A1EC650CD6B9F273666E /* Pods-Nimble-Code-ChallengeTests.release.xcconfig */ = {isa = PBXFileReference; includeInIndex = 1; lastKnownFileType = text.xcconfig; name = "Pods-Nimble-Code-ChallengeTests.release.xcconfig"; path = "Target Support Files/Pods-Nimble-Code-ChallengeTests/Pods-Nimble-Code-ChallengeTests.release.xcconfig"; sourceTree = "<group>"; };
		AA471B0BA741E73D5FC40DF0 /* Pods_Nimble_Code_Challenge.framework */ = {isa = PBXFileReference; explicitFileType = wrapper.framework; includeInIndex = 0; path = Pods_Nimble_Code_Challenge.framework; sourceTree = BUILT_PRODUCTS_DIR; };
		F7026F6A286C3B4300523A2A /* BaseService.swift */ = {isa = PBXFileReference; lastKnownFileType = sourcecode.swift; path = BaseService.swift; sourceTree = "<group>"; };
		F7026F6C286C3E1200523A2A /* AuthService.swift */ = {isa = PBXFileReference; lastKnownFileType = sourcecode.swift; path = AuthService.swift; sourceTree = "<group>"; };
		F7026F6E286C3E2600523A2A /* AuthAPI.swift */ = {isa = PBXFileReference; lastKnownFileType = sourcecode.swift; path = AuthAPI.swift; sourceTree = "<group>"; };
		F7026F70286C3E3B00523A2A /* AuthAPI+TargetType.swift */ = {isa = PBXFileReference; lastKnownFileType = sourcecode.swift; path = "AuthAPI+TargetType.swift"; sourceTree = "<group>"; };
		F7026F73286C3EA100523A2A /* NimbleNetworkService.swift */ = {isa = PBXFileReference; lastKnownFileType = sourcecode.swift; path = NimbleNetworkService.swift; sourceTree = "<group>"; };
		F7026F75286C401800523A2A /* TokenError.swift */ = {isa = PBXFileReference; lastKnownFileType = sourcecode.swift; path = TokenError.swift; sourceTree = "<group>"; };
		F7026F79286C50BE00523A2A /* Error+Extensions.swift */ = {isa = PBXFileReference; lastKnownFileType = sourcecode.swift; path = "Error+Extensions.swift"; sourceTree = "<group>"; };
		F7026F7D286D6F9800523A2A /* UILabel+Extensions.swift */ = {isa = PBXFileReference; lastKnownFileType = sourcecode.swift; path = "UILabel+Extensions.swift"; sourceTree = "<group>"; };
		F71F860E2865608800767F6E /* Nimble-Code-Challenge.app */ = {isa = PBXFileReference; explicitFileType = wrapper.application; includeInIndex = 0; path = "Nimble-Code-Challenge.app"; sourceTree = BUILT_PRODUCTS_DIR; };
		F71F86112865608800767F6E /* AppDelegate.swift */ = {isa = PBXFileReference; lastKnownFileType = sourcecode.swift; path = AppDelegate.swift; sourceTree = "<group>"; };
		F71F861A2865608900767F6E /* Assets.xcassets */ = {isa = PBXFileReference; lastKnownFileType = folder.assetcatalog; path = Assets.xcassets; sourceTree = "<group>"; };
		F71F861D2865608900767F6E /* Base */ = {isa = PBXFileReference; lastKnownFileType = file.storyboard; name = Base; path = Base.lproj/LaunchScreen.storyboard; sourceTree = "<group>"; };
		F71F861F2865608900767F6E /* Info.plist */ = {isa = PBXFileReference; lastKnownFileType = text.plist.xml; path = Info.plist; sourceTree = "<group>"; };
		F71F86242865608A00767F6E /* Nimble-Code-ChallengeTests.xctest */ = {isa = PBXFileReference; explicitFileType = wrapper.cfbundle; includeInIndex = 0; path = "Nimble-Code-ChallengeTests.xctest"; sourceTree = BUILT_PRODUCTS_DIR; };
		F71F864B2865688B00767F6E /* ViewModelType.swift */ = {isa = PBXFileReference; lastKnownFileType = sourcecode.swift; path = ViewModelType.swift; sourceTree = "<group>"; };
		F71F864D2865691500767F6E /* ViewControllerType.swift */ = {isa = PBXFileReference; lastKnownFileType = sourcecode.swift; path = ViewControllerType.swift; sourceTree = "<group>"; };
		F71F86502865695C00767F6E /* NSObject+Extensions.swift */ = {isa = PBXFileReference; lastKnownFileType = sourcecode.swift; path = "NSObject+Extensions.swift"; sourceTree = "<group>"; };
		F71F865328656A4600767F6E /* LoginViewController.swift */ = {isa = PBXFileReference; lastKnownFileType = sourcecode.swift; path = LoginViewController.swift; sourceTree = "<group>"; };
		F71F865428656A4600767F6E /* LoginViewController.xib */ = {isa = PBXFileReference; lastKnownFileType = file.xib; path = LoginViewController.xib; sourceTree = "<group>"; };
		F71F865828656A6400767F6E /* LoginViewModel.swift */ = {isa = PBXFileReference; lastKnownFileType = sourcecode.swift; path = LoginViewModel.swift; sourceTree = "<group>"; };
		F71F865A28656B0B00767F6E /* AppCoordinator.swift */ = {isa = PBXFileReference; lastKnownFileType = sourcecode.swift; path = AppCoordinator.swift; sourceTree = "<group>"; };
		F71F865C28656BA000767F6E /* CoordinatorType.swift */ = {isa = PBXFileReference; lastKnownFileType = sourcecode.swift; path = CoordinatorType.swift; sourceTree = "<group>"; };
		F71F865F28656D4D00767F6E /* LoginCoordinator.swift */ = {isa = PBXFileReference; lastKnownFileType = sourcecode.swift; path = LoginCoordinator.swift; sourceTree = "<group>"; };
		F71F8662286583F800767F6E /* NimbleSurveyAPI.swift */ = {isa = PBXFileReference; lastKnownFileType = sourcecode.swift; path = NimbleSurveyAPI.swift; sourceTree = "<group>"; };
		F71F86642865846100767F6E /* NimbleSurveyAPI+TargetType.swift */ = {isa = PBXFileReference; lastKnownFileType = sourcecode.swift; path = "NimbleSurveyAPI+TargetType.swift"; sourceTree = "<group>"; };
		F71F8667286584C800767F6E /* AppConstants.swift */ = {isa = PBXFileReference; lastKnownFileType = sourcecode.swift; path = AppConstants.swift; sourceTree = "<group>"; };
		F71F86692865859800767F6E /* BaseProvider.swift */ = {isa = PBXFileReference; lastKnownFileType = sourcecode.swift; path = BaseProvider.swift; sourceTree = "<group>"; };
		F71F866F28658EF800767F6E /* NimbleNetworkServiceImpl.swift */ = {isa = PBXFileReference; lastKnownFileType = sourcecode.swift; path = NimbleNetworkServiceImpl.swift; sourceTree = "<group>"; };
		F779C2E2286645660046DF5F /* LoginViewUseCase.swift */ = {isa = PBXFileReference; lastKnownFileType = sourcecode.swift; path = LoginViewUseCase.swift; sourceTree = "<group>"; };
		F779C2E6286646C40046DF5F /* CredentialRepository.swift */ = {isa = PBXFileReference; lastKnownFileType = sourcecode.swift; path = CredentialRepository.swift; sourceTree = "<group>"; };
		F779C2E9286751F20046DF5F /* UIView+Extensions.swift */ = {isa = PBXFileReference; lastKnownFileType = sourcecode.swift; path = "UIView+Extensions.swift"; sourceTree = "<group>"; };
		F779C2EB286754F40046DF5F /* UIColor+Extensions.swift */ = {isa = PBXFileReference; lastKnownFileType = sourcecode.swift; path = "UIColor+Extensions.swift"; sourceTree = "<group>"; };
		F779C2EE28675B4E0046DF5F /* ActivityIndicator.swift */ = {isa = PBXFileReference; lastKnownFileType = sourcecode.swift; path = ActivityIndicator.swift; sourceTree = "<group>"; };
		F779C2F528695A230046DF5F /* APIErrorDTO.swift */ = {isa = PBXFileReference; lastKnownFileType = sourcecode.swift; path = APIErrorDTO.swift; sourceTree = "<group>"; };
		F779C2FE2869640A0046DF5F /* CredentialDTO.swift */ = {isa = PBXFileReference; lastKnownFileType = sourcecode.swift; path = CredentialDTO.swift; sourceTree = "<group>"; };
		F779C3002869657B0046DF5F /* DataResponseDTO.swift */ = {isa = PBXFileReference; lastKnownFileType = sourcecode.swift; path = DataResponseDTO.swift; sourceTree = "<group>"; };
		F779C30528697CEE0046DF5F /* HomeCoordinator.swift */ = {isa = PBXFileReference; lastKnownFileType = sourcecode.swift; path = HomeCoordinator.swift; sourceTree = "<group>"; };
		F779C30A286980570046DF5F /* HomeViewController.swift */ = {isa = PBXFileReference; lastKnownFileType = sourcecode.swift; path = HomeViewController.swift; sourceTree = "<group>"; };
		F779C30B286980570046DF5F /* HomeViewController.xib */ = {isa = PBXFileReference; lastKnownFileType = file.xib; path = HomeViewController.xib; sourceTree = "<group>"; };
		F779C30E2869AA1E0046DF5F /* IndicatorLoader.swift */ = {isa = PBXFileReference; lastKnownFileType = sourcecode.swift; path = IndicatorLoader.swift; sourceTree = "<group>"; };
		F779C3102869AC190046DF5F /* UserSession.swift */ = {isa = PBXFileReference; lastKnownFileType = sourcecode.swift; path = UserSession.swift; sourceTree = "<group>"; };
		F779C3122869AC2C0046DF5F /* Credential.swift */ = {isa = PBXFileReference; lastKnownFileType = sourcecode.swift; path = Credential.swift; sourceTree = "<group>"; };
		F779C3152869ED7F0046DF5F /* Mockable.swift */ = {isa = PBXFileReference; lastKnownFileType = sourcecode.swift; path = Mockable.swift; sourceTree = "<group>"; };
		F779C31F2869EE760046DF5F /* LoginViewModelTest.swift */ = {isa = PBXFileReference; lastKnownFileType = sourcecode.swift; path = LoginViewModelTest.swift; sourceTree = "<group>"; };
		F779C3212869EED00046DF5F /* DataTypeMock.swift */ = {isa = PBXFileReference; lastKnownFileType = sourcecode.swift; path = DataTypeMock.swift; sourceTree = "<group>"; };
		F779C3232869EFA30046DF5F /* LoginViewUseCaseMock.swift */ = {isa = PBXFileReference; lastKnownFileType = sourcecode.swift; path = LoginViewUseCaseMock.swift; sourceTree = "<group>"; };
		F7EFC0AA286B6A2400177139 /* CredentialRepositoryMock.swift */ = {isa = PBXFileReference; lastKnownFileType = sourcecode.swift; path = CredentialRepositoryMock.swift; sourceTree = "<group>"; };
		F7EFC0AE286B6AAD00177139 /* LoginViewUseCaseTest.swift */ = {isa = PBXFileReference; lastKnownFileType = sourcecode.swift; path = LoginViewUseCaseTest.swift; sourceTree = "<group>"; };
		F7EFC0B0286B6ECB00177139 /* CredentialRepositoryTest.swift */ = {isa = PBXFileReference; lastKnownFileType = sourcecode.swift; path = CredentialRepositoryTest.swift; sourceTree = "<group>"; };
		F7EFC0B3286B6EF900177139 /* NetworkServiceMock.swift */ = {isa = PBXFileReference; lastKnownFileType = sourcecode.swift; path = NetworkServiceMock.swift; sourceTree = "<group>"; };
		F7EFC0B6286B714B00177139 /* login_success.json */ = {isa = PBXFileReference; fileEncoding = 4; lastKnownFileType = text.json; path = login_success.json; sourceTree = "<group>"; };
		F7EFC0B8286B737700177139 /* invalid_grant_400.json */ = {isa = PBXFileReference; fileEncoding = 4; lastKnownFileType = text.json; path = invalid_grant_400.json; sourceTree = "<group>"; };
		F7EFC0BC286CB2B200177139 /* HandleResponse+Extensions.swift */ = {isa = PBXFileReference; lastKnownFileType = sourcecode.swift; path = "HandleResponse+Extensions.swift"; sourceTree = "<group>"; };
		F7EFC0C4286CBD8100177139 /* SurveyImageCell.swift */ = {isa = PBXFileReference; lastKnownFileType = sourcecode.swift; path = SurveyImageCell.swift; sourceTree = "<group>"; };
		F7EFC0C5286CBD8100177139 /* SurveyImageCell.xib */ = {isa = PBXFileReference; lastKnownFileType = file.xib; path = SurveyImageCell.xib; sourceTree = "<group>"; };
		F7EFC0C9286CBDF500177139 /* HomeViewModel.swift */ = {isa = PBXFileReference; lastKnownFileType = sourcecode.swift; path = HomeViewModel.swift; sourceTree = "<group>"; };
		F7EFC0CD286CBF5800177139 /* SurveyDTO.swift */ = {isa = PBXFileReference; lastKnownFileType = sourcecode.swift; path = SurveyDTO.swift; sourceTree = "<group>"; };
		F7EFC0D0286CC0FA00177139 /* HomeViewUseCase.swift */ = {isa = PBXFileReference; lastKnownFileType = sourcecode.swift; path = HomeViewUseCase.swift; sourceTree = "<group>"; };
		F7EFC0D2286CC1F400177139 /* SurveyRepository.swift */ = {isa = PBXFileReference; lastKnownFileType = sourcecode.swift; path = SurveyRepository.swift; sourceTree = "<group>"; };
		F7EFC0D4286CC38800177139 /* Survey.swift */ = {isa = PBXFileReference; lastKnownFileType = sourcecode.swift; path = Survey.swift; sourceTree = "<group>"; };
		F7EFC0D6286CC39D00177139 /* ResponseMeta.swift */ = {isa = PBXFileReference; lastKnownFileType = sourcecode.swift; path = ResponseMeta.swift; sourceTree = "<group>"; };
		F7EFC0D8286CC93600177139 /* Array+Extensions.swift */ = {isa = PBXFileReference; lastKnownFileType = sourcecode.swift; path = "Array+Extensions.swift"; sourceTree = "<group>"; };
		F7EFC0DA286CCA1C00177139 /* BulletsView.swift */ = {isa = PBXFileReference; lastKnownFileType = sourcecode.swift; path = BulletsView.swift; sourceTree = "<group>"; };
		F7EFC0DC286CDB5A00177139 /* KeychainHelper.swift */ = {isa = PBXFileReference; lastKnownFileType = sourcecode.swift; path = KeychainHelper.swift; sourceTree = "<group>"; };
/* End PBXFileReference section */

/* Begin PBXFrameworksBuildPhase section */
		F71F860B2865608800767F6E /* Frameworks */ = {
			isa = PBXFrameworksBuildPhase;
			buildActionMask = 2147483647;
			files = (
				3B65653500307560D75C6C13 /* Pods_Nimble_Code_Challenge.framework in Frameworks */,
			);
			runOnlyForDeploymentPostprocessing = 0;
		};
		F71F86212865608A00767F6E /* Frameworks */ = {
			isa = PBXFrameworksBuildPhase;
			buildActionMask = 2147483647;
			files = (
				50128CA3B29DF9D80A95AE77 /* Pods_Nimble_Code_ChallengeTests.framework in Frameworks */,
			);
			runOnlyForDeploymentPostprocessing = 0;
		};
/* End PBXFrameworksBuildPhase section */

/* Begin PBXGroup section */
		0CCECBCAEF610F1A71373C5E /* Pods */ = {
			isa = PBXGroup;
			children = (
				52401E2BA42C13F227C682B1 /* Pods-Nimble-Code-Challenge.debug.xcconfig */,
				57A2A952F10B66E5F2FCE905 /* Pods-Nimble-Code-Challenge.release.xcconfig */,
				8B625CCB9A94CD0678BCF27F /* Pods-Nimble-Code-ChallengeTests.debug.xcconfig */,
				9930A1EC650CD6B9F273666E /* Pods-Nimble-Code-ChallengeTests.release.xcconfig */,
			);
			path = Pods;
			sourceTree = "<group>";
		};
		F54FD6602E498E8AF1B60611 /* Frameworks */ = {
			isa = PBXGroup;
			children = (
				AA471B0BA741E73D5FC40DF0 /* Pods_Nimble_Code_Challenge.framework */,
				69427D46C59A2DA4FFBE7C8B /* Pods_Nimble_Code_ChallengeTests.framework */,
			);
			name = Frameworks;
			sourceTree = "<group>";
		};
		F7026F68286C3AA000523A2A /* Network */ = {
			isa = PBXGroup;
			children = (
				F7026F72286C3E8C00523A2A /* Nimble */,
				F7026F69286C3AC900523A2A /* Auth */,
				F7026F6A286C3B4300523A2A /* BaseService.swift */,
				F71F86692865859800767F6E /* BaseProvider.swift */,
				F7EFC0BC286CB2B200177139 /* HandleResponse+Extensions.swift */,
				F779C2F428695A130046DF5F /* ResponseDTO */,
			);
			path = Network;
			sourceTree = "<group>";
		};
		F7026F69286C3AC900523A2A /* Auth */ = {
			isa = PBXGroup;
			children = (
				F7026F6E286C3E2600523A2A /* AuthAPI.swift */,
				F7026F6C286C3E1200523A2A /* AuthService.swift */,
				F7026F70286C3E3B00523A2A /* AuthAPI+TargetType.swift */,
			);
			path = Auth;
			sourceTree = "<group>";
		};
		F7026F72286C3E8C00523A2A /* Nimble */ = {
			isa = PBXGroup;
			children = (
				F7026F73286C3EA100523A2A /* NimbleNetworkService.swift */,
				F71F866F28658EF800767F6E /* NimbleNetworkServiceImpl.swift */,
				F71F8662286583F800767F6E /* NimbleSurveyAPI.swift */,
				F71F86642865846100767F6E /* NimbleSurveyAPI+TargetType.swift */,
			);
			path = Nimble;
			sourceTree = "<group>";
		};
		F71F86052865608800767F6E = {
			isa = PBXGroup;
			children = (
				F71F86102865608800767F6E /* Nimble-Code-Challenge */,
				F71F86272865608A00767F6E /* Nimble-Code-ChallengeTests */,
				F71F860F2865608800767F6E /* Products */,
				0CCECBCAEF610F1A71373C5E /* Pods */,
				F54FD6602E498E8AF1B60611 /* Frameworks */,
			);
			sourceTree = "<group>";
		};
		F71F860F2865608800767F6E /* Products */ = {
			isa = PBXGroup;
			children = (
				F71F860E2865608800767F6E /* Nimble-Code-Challenge.app */,
				F71F86242865608A00767F6E /* Nimble-Code-ChallengeTests.xctest */,
			);
			name = Products;
			sourceTree = "<group>";
		};
		F71F86102865608800767F6E /* Nimble-Code-Challenge */ = {
			isa = PBXGroup;
			children = (
				F71F8644286561AC00767F6E /* Application */,
				F71F86492865631000767F6E /* Presentations */,
				F71F86482865630600767F6E /* Domains */,
				F71F86472865630200767F6E /* Datas */,
				F71F8646286562FD00767F6E /* Shared */,
				F71F8645286561DA00767F6E /* Resources */,
			);
			path = "Nimble-Code-Challenge";
			sourceTree = "<group>";
		};
		F71F86272865608A00767F6E /* Nimble-Code-ChallengeTests */ = {
			isa = PBXGroup;
			children = (
				F779C31A2869EE460046DF5F /* Tests */,
				F779C3172869EDB50046DF5F /* Mock */,
				F779C3142869ED730046DF5F /* Shared */,
			);
			path = "Nimble-Code-ChallengeTests";
			sourceTree = "<group>";
		};
		F71F8644286561AC00767F6E /* Application */ = {
			isa = PBXGroup;
			children = (
				F71F86112865608800767F6E /* AppDelegate.swift */,
				F71F865A28656B0B00767F6E /* AppCoordinator.swift */,
			);
			path = Application;
			sourceTree = "<group>";
		};
		F71F8645286561DA00767F6E /* Resources */ = {
			isa = PBXGroup;
			children = (
				F71F861A2865608900767F6E /* Assets.xcassets */,
				F71F861C2865608900767F6E /* LaunchScreen.storyboard */,
				F71F861F2865608900767F6E /* Info.plist */,
			);
			path = Resources;
			sourceTree = "<group>";
		};
		F71F8646286562FD00767F6E /* Shared */ = {
			isa = PBXGroup;
			children = (
				F7026F68286C3AA000523A2A /* Network */,
				F779C2ED28675B390046DF5F /* Helper */,
				F779C2E8286745010046DF5F /* CustomView */,
				F71F8666286584A200767F6E /* Constants */,
				F71F864A2865687D00767F6E /* Base */,
				F71F864F2865694E00767F6E /* Extensions */,
			);
			path = Shared;
			sourceTree = "<group>";
		};
		F71F86472865630200767F6E /* Datas */ = {
			isa = PBXGroup;
			children = (
				F779C2F728695BAD0046DF5F /* DTOs */,
				F779C2E42866462E0046DF5F /* Repositories */,
			);
			path = Datas;
			sourceTree = "<group>";
		};
		F71F86482865630600767F6E /* Domains */ = {
			isa = PBXGroup;
			children = (
				F779C2FA28695E2F0046DF5F /* UseCase */,
				F779C2F928695E290046DF5F /* Entities */,
			);
			path = Domains;
			sourceTree = "<group>";
		};
		F71F86492865631000767F6E /* Presentations */ = {
			isa = PBXGroup;
			children = (
				F71F865228656A2700767F6E /* Login */,
				F779C304286975480046DF5F /* Home */,
			);
			path = Presentations;
			sourceTree = "<group>";
		};
		F71F864A2865687D00767F6E /* Base */ = {
			isa = PBXGroup;
			children = (
				F71F864B2865688B00767F6E /* ViewModelType.swift */,
				F71F865C28656BA000767F6E /* CoordinatorType.swift */,
				F71F864D2865691500767F6E /* ViewControllerType.swift */,
			);
			path = Base;
			sourceTree = "<group>";
		};
		F71F864F2865694E00767F6E /* Extensions */ = {
			isa = PBXGroup;
			children = (
				F71F86502865695C00767F6E /* NSObject+Extensions.swift */,
				F779C2E9286751F20046DF5F /* UIView+Extensions.swift */,
				F779C2EB286754F40046DF5F /* UIColor+Extensions.swift */,
				F7026F79286C50BE00523A2A /* Error+Extensions.swift */,
				F7EFC0D8286CC93600177139 /* Array+Extensions.swift */,
				F7026F7D286D6F9800523A2A /* UILabel+Extensions.swift */,
			);
			path = Extensions;
			sourceTree = "<group>";
		};
		F71F865228656A2700767F6E /* Login */ = {
			isa = PBXGroup;
			children = (
				F71F865728656A5700767F6E /* ViewModel */,
				F71F865E28656D3900767F6E /* Views */,
				F71F865F28656D4D00767F6E /* LoginCoordinator.swift */,
			);
			path = Login;
			sourceTree = "<group>";
		};
		F71F865728656A5700767F6E /* ViewModel */ = {
			isa = PBXGroup;
			children = (
				F71F865828656A6400767F6E /* LoginViewModel.swift */,
			);
			path = ViewModel;
			sourceTree = "<group>";
		};
		F71F865E28656D3900767F6E /* Views */ = {
			isa = PBXGroup;
			children = (
				F71F865328656A4600767F6E /* LoginViewController.swift */,
				F71F865428656A4600767F6E /* LoginViewController.xib */,
			);
			path = Views;
			sourceTree = "<group>";
		};
		F71F8666286584A200767F6E /* Constants */ = {
			isa = PBXGroup;
			children = (
				F71F8667286584C800767F6E /* AppConstants.swift */,
			);
			path = Constants;
			sourceTree = "<group>";
		};
		F779C2E42866462E0046DF5F /* Repositories */ = {
			isa = PBXGroup;
			children = (
				F779C2E6286646C40046DF5F /* CredentialRepository.swift */,
				F7EFC0D2286CC1F400177139 /* SurveyRepository.swift */,
			);
			path = Repositories;
			sourceTree = "<group>";
		};
		F779C2E5286646330046DF5F /* Login */ = {
			isa = PBXGroup;
			children = (
				F779C2E2286645660046DF5F /* LoginViewUseCase.swift */,
			);
			path = Login;
			sourceTree = "<group>";
		};
		F779C2E8286745010046DF5F /* CustomView */ = {
			isa = PBXGroup;
			children = (
				F7EFC0DA286CCA1C00177139 /* BulletsView.swift */,
			);
			path = CustomView;
			sourceTree = "<group>";
		};
		F779C2ED28675B390046DF5F /* Helper */ = {
			isa = PBXGroup;
			children = (
				F779C2EE28675B4E0046DF5F /* ActivityIndicator.swift */,
				F779C30E2869AA1E0046DF5F /* IndicatorLoader.swift */,
				F779C3102869AC190046DF5F /* UserSession.swift */,
				F7EFC0DC286CDB5A00177139 /* KeychainHelper.swift */,
			);
			path = Helper;
			sourceTree = "<group>";
		};
		F779C2F428695A130046DF5F /* ResponseDTO */ = {
			isa = PBXGroup;
			children = (
				F7026F75286C401800523A2A /* TokenError.swift */,
				F779C2F528695A230046DF5F /* APIErrorDTO.swift */,
			);
			path = ResponseDTO;
			sourceTree = "<group>";
		};
		F779C2F728695BAD0046DF5F /* DTOs */ = {
			isa = PBXGroup;
			children = (
				F779C3002869657B0046DF5F /* DataResponseDTO.swift */,
				F779C2FE2869640A0046DF5F /* CredentialDTO.swift */,
				F7EFC0CD286CBF5800177139 /* SurveyDTO.swift */,
			);
			path = DTOs;
			sourceTree = "<group>";
		};
		F779C2F928695E290046DF5F /* Entities */ = {
			isa = PBXGroup;
			children = (
				F779C3122869AC2C0046DF5F /* Credential.swift */,
				F7EFC0D4286CC38800177139 /* Survey.swift */,
				F7EFC0D6286CC39D00177139 /* ResponseMeta.swift */,
			);
			path = Entities;
			sourceTree = "<group>";
		};
		F779C2FA28695E2F0046DF5F /* UseCase */ = {
			isa = PBXGroup;
			children = (
				F779C2E5286646330046DF5F /* Login */,
				F7EFC0CF286CC0EA00177139 /* Home */,
			);
			path = UseCase;
			sourceTree = "<group>";
		};
		F779C304286975480046DF5F /* Home */ = {
			isa = PBXGroup;
			children = (
				F7EFC0C8286CBDEA00177139 /* ViewModel */,
				F779C3072869803C0046DF5F /* Views */,
				F779C30528697CEE0046DF5F /* HomeCoordinator.swift */,
			);
			path = Home;
			sourceTree = "<group>";
		};
		F779C3072869803C0046DF5F /* Views */ = {
			isa = PBXGroup;
			children = (
				F779C30A286980570046DF5F /* HomeViewController.swift */,
				F779C30B286980570046DF5F /* HomeViewController.xib */,
				F7EFC0C4286CBD8100177139 /* SurveyImageCell.swift */,
				F7EFC0C5286CBD8100177139 /* SurveyImageCell.xib */,
			);
			path = Views;
			sourceTree = "<group>";
		};
		F779C3142869ED730046DF5F /* Shared */ = {
			isa = PBXGroup;
			children = (
				F779C3152869ED7F0046DF5F /* Mockable.swift */,
				F779C3212869EED00046DF5F /* DataTypeMock.swift */,
			);
			path = Shared;
			sourceTree = "<group>";
		};
		F779C3172869EDB50046DF5F /* Mock */ = {
			isa = PBXGroup;
			children = (
				F7EFC0B5286B711A00177139 /* Jsons */,
				F779C3182869EE340046DF5F /* Domains */,
				F779C3192869EE3E0046DF5F /* Datas */,
				F7EFC0B2286B6EEA00177139 /* Network */,
			);
			path = Mock;
			sourceTree = "<group>";
		};
		F779C3182869EE340046DF5F /* Domains */ = {
			isa = PBXGroup;
			children = (
				F779C3232869EFA30046DF5F /* LoginViewUseCaseMock.swift */,
			);
			path = Domains;
			sourceTree = "<group>";
		};
		F779C3192869EE3E0046DF5F /* Datas */ = {
			isa = PBXGroup;
			children = (
				F7EFC0AA286B6A2400177139 /* CredentialRepositoryMock.swift */,
			);
			path = Datas;
			sourceTree = "<group>";
		};
		F779C31A2869EE460046DF5F /* Tests */ = {
			isa = PBXGroup;
			children = (
				F779C31C2869EE550046DF5F /* Login */,
			);
			path = Tests;
			sourceTree = "<group>";
		};
		F779C31C2869EE550046DF5F /* Login */ = {
			isa = PBXGroup;
			children = (
				F779C31F2869EE760046DF5F /* LoginViewModelTest.swift */,
				F7EFC0AE286B6AAD00177139 /* LoginViewUseCaseTest.swift */,
				F7EFC0B0286B6ECB00177139 /* CredentialRepositoryTest.swift */,
			);
			path = Login;
			sourceTree = "<group>";
		};
		F7EFC0B2286B6EEA00177139 /* Network */ = {
			isa = PBXGroup;
			children = (
				F7EFC0B3286B6EF900177139 /* NetworkServiceMock.swift */,
			);
			path = Network;
			sourceTree = "<group>";
		};
		F7EFC0B5286B711A00177139 /* Jsons */ = {
			isa = PBXGroup;
			children = (
				F7EFC0B8286B737700177139 /* invalid_grant_400.json */,
				F7EFC0B6286B714B00177139 /* login_success.json */,
			);
			path = Jsons;
			sourceTree = "<group>";
		};
		F7EFC0C8286CBDEA00177139 /* ViewModel */ = {
			isa = PBXGroup;
			children = (
				F7EFC0C9286CBDF500177139 /* HomeViewModel.swift */,
			);
			path = ViewModel;
			sourceTree = "<group>";
		};
		F7EFC0CF286CC0EA00177139 /* Home */ = {
			isa = PBXGroup;
			children = (
				F7EFC0D0286CC0FA00177139 /* HomeViewUseCase.swift */,
			);
			path = Home;
			sourceTree = "<group>";
		};
/* End PBXGroup section */

/* Begin PBXNativeTarget section */
		F71F860D2865608800767F6E /* Nimble-Code-Challenge */ = {
			isa = PBXNativeTarget;
			buildConfigurationList = F71F86382865608A00767F6E /* Build configuration list for PBXNativeTarget "Nimble-Code-Challenge" */;
			buildPhases = (
				4A73F2CFA4337D537F410A31 /* [CP] Check Pods Manifest.lock */,
				F71F860A2865608800767F6E /* Sources */,
				F71F860B2865608800767F6E /* Frameworks */,
				F71F860C2865608800767F6E /* Resources */,
				F71F8641286560CA00767F6E /* SwiftLint */,
				B90D0FDE5FE503AF1E65BF09 /* [CP] Embed Pods Frameworks */,
			);
			buildRules = (
			);
			dependencies = (
			);
			name = "Nimble-Code-Challenge";
			productName = "Nimble-Code-Challenge";
			productReference = F71F860E2865608800767F6E /* Nimble-Code-Challenge.app */;
			productType = "com.apple.product-type.application";
		};
		F71F86232865608A00767F6E /* Nimble-Code-ChallengeTests */ = {
			isa = PBXNativeTarget;
			buildConfigurationList = F71F863B2865608A00767F6E /* Build configuration list for PBXNativeTarget "Nimble-Code-ChallengeTests" */;
			buildPhases = (
				91A68841023A9F31B4D1D4C9 /* [CP] Check Pods Manifest.lock */,
				F71F86202865608A00767F6E /* Sources */,
				F71F86212865608A00767F6E /* Frameworks */,
				F71F86222865608A00767F6E /* Resources */,
				6694E8DF26EA77A95E4B26E2 /* [CP] Embed Pods Frameworks */,
			);
			buildRules = (
			);
			dependencies = (
				F71F86262865608A00767F6E /* PBXTargetDependency */,
			);
			name = "Nimble-Code-ChallengeTests";
			productName = "Nimble-Code-ChallengeTests";
			productReference = F71F86242865608A00767F6E /* Nimble-Code-ChallengeTests.xctest */;
			productType = "com.apple.product-type.bundle.unit-test";
		};
/* End PBXNativeTarget section */

/* Begin PBXProject section */
		F71F86062865608800767F6E /* Project object */ = {
			isa = PBXProject;
			attributes = {
				BuildIndependentTargetsInParallel = 1;
				LastSwiftUpdateCheck = 1340;
				LastUpgradeCheck = 1340;
				TargetAttributes = {
					F71F860D2865608800767F6E = {
						CreatedOnToolsVersion = 13.4.1;
					};
					F71F86232865608A00767F6E = {
						CreatedOnToolsVersion = 13.4.1;
						LastSwiftMigration = 1340;
						TestTargetID = F71F860D2865608800767F6E;
					};
				};
			};
			buildConfigurationList = F71F86092865608800767F6E /* Build configuration list for PBXProject "Nimble-Code-Challenge" */;
			compatibilityVersion = "Xcode 13.0";
			developmentRegion = en;
			hasScannedForEncodings = 0;
			knownRegions = (
				en,
				Base,
			);
			mainGroup = F71F86052865608800767F6E;
			productRefGroup = F71F860F2865608800767F6E /* Products */;
			projectDirPath = "";
			projectRoot = "";
			targets = (
				F71F860D2865608800767F6E /* Nimble-Code-Challenge */,
				F71F86232865608A00767F6E /* Nimble-Code-ChallengeTests */,
			);
		};
/* End PBXProject section */

/* Begin PBXResourcesBuildPhase section */
		F71F860C2865608800767F6E /* Resources */ = {
			isa = PBXResourcesBuildPhase;
			buildActionMask = 2147483647;
			files = (
				F71F865628656A4600767F6E /* LoginViewController.xib in Resources */,
				F71F861E2865608900767F6E /* LaunchScreen.storyboard in Resources */,
				F71F861B2865608900767F6E /* Assets.xcassets in Resources */,
				F779C30D286980570046DF5F /* HomeViewController.xib in Resources */,
				F7EFC0C7286CBD8100177139 /* SurveyImageCell.xib in Resources */,
			);
			runOnlyForDeploymentPostprocessing = 0;
		};
		F71F86222865608A00767F6E /* Resources */ = {
			isa = PBXResourcesBuildPhase;
			buildActionMask = 2147483647;
			files = (
				F7EFC0B7286B714B00177139 /* login_success.json in Resources */,
				F7EFC0B9286B737700177139 /* invalid_grant_400.json in Resources */,
			);
			runOnlyForDeploymentPostprocessing = 0;
		};
/* End PBXResourcesBuildPhase section */

/* Begin PBXShellScriptBuildPhase section */
		4A73F2CFA4337D537F410A31 /* [CP] Check Pods Manifest.lock */ = {
			isa = PBXShellScriptBuildPhase;
			buildActionMask = 2147483647;
			files = (
			);
			inputFileListPaths = (
			);
			inputPaths = (
				"${PODS_PODFILE_DIR_PATH}/Podfile.lock",
				"${PODS_ROOT}/Manifest.lock",
			);
			name = "[CP] Check Pods Manifest.lock";
			outputFileListPaths = (
			);
			outputPaths = (
				"$(DERIVED_FILE_DIR)/Pods-Nimble-Code-Challenge-checkManifestLockResult.txt",
			);
			runOnlyForDeploymentPostprocessing = 0;
			shellPath = /bin/sh;
			shellScript = "diff \"${PODS_PODFILE_DIR_PATH}/Podfile.lock\" \"${PODS_ROOT}/Manifest.lock\" > /dev/null\nif [ $? != 0 ] ; then\n    # print error to STDERR\n    echo \"error: The sandbox is not in sync with the Podfile.lock. Run 'pod install' or update your CocoaPods installation.\" >&2\n    exit 1\nfi\n# This output is used by Xcode 'outputs' to avoid re-running this script phase.\necho \"SUCCESS\" > \"${SCRIPT_OUTPUT_FILE_0}\"\n";
			showEnvVarsInLog = 0;
		};
		6694E8DF26EA77A95E4B26E2 /* [CP] Embed Pods Frameworks */ = {
			isa = PBXShellScriptBuildPhase;
			buildActionMask = 2147483647;
			files = (
			);
			inputFileListPaths = (
				"${PODS_ROOT}/Target Support Files/Pods-Nimble-Code-ChallengeTests/Pods-Nimble-Code-ChallengeTests-frameworks-${CONFIGURATION}-input-files.xcfilelist",
			);
			name = "[CP] Embed Pods Frameworks";
			outputFileListPaths = (
				"${PODS_ROOT}/Target Support Files/Pods-Nimble-Code-ChallengeTests/Pods-Nimble-Code-ChallengeTests-frameworks-${CONFIGURATION}-output-files.xcfilelist",
			);
			runOnlyForDeploymentPostprocessing = 0;
			shellPath = /bin/sh;
			shellScript = "\"${PODS_ROOT}/Target Support Files/Pods-Nimble-Code-ChallengeTests/Pods-Nimble-Code-ChallengeTests-frameworks.sh\"\n";
			showEnvVarsInLog = 0;
		};
		91A68841023A9F31B4D1D4C9 /* [CP] Check Pods Manifest.lock */ = {
			isa = PBXShellScriptBuildPhase;
			buildActionMask = 2147483647;
			files = (
			);
			inputFileListPaths = (
			);
			inputPaths = (
				"${PODS_PODFILE_DIR_PATH}/Podfile.lock",
				"${PODS_ROOT}/Manifest.lock",
			);
			name = "[CP] Check Pods Manifest.lock";
			outputFileListPaths = (
			);
			outputPaths = (
				"$(DERIVED_FILE_DIR)/Pods-Nimble-Code-ChallengeTests-checkManifestLockResult.txt",
			);
			runOnlyForDeploymentPostprocessing = 0;
			shellPath = /bin/sh;
			shellScript = "diff \"${PODS_PODFILE_DIR_PATH}/Podfile.lock\" \"${PODS_ROOT}/Manifest.lock\" > /dev/null\nif [ $? != 0 ] ; then\n    # print error to STDERR\n    echo \"error: The sandbox is not in sync with the Podfile.lock. Run 'pod install' or update your CocoaPods installation.\" >&2\n    exit 1\nfi\n# This output is used by Xcode 'outputs' to avoid re-running this script phase.\necho \"SUCCESS\" > \"${SCRIPT_OUTPUT_FILE_0}\"\n";
			showEnvVarsInLog = 0;
		};
		B90D0FDE5FE503AF1E65BF09 /* [CP] Embed Pods Frameworks */ = {
			isa = PBXShellScriptBuildPhase;
			buildActionMask = 2147483647;
			files = (
			);
			inputFileListPaths = (
				"${PODS_ROOT}/Target Support Files/Pods-Nimble-Code-Challenge/Pods-Nimble-Code-Challenge-frameworks-${CONFIGURATION}-input-files.xcfilelist",
			);
			name = "[CP] Embed Pods Frameworks";
			outputFileListPaths = (
				"${PODS_ROOT}/Target Support Files/Pods-Nimble-Code-Challenge/Pods-Nimble-Code-Challenge-frameworks-${CONFIGURATION}-output-files.xcfilelist",
			);
			runOnlyForDeploymentPostprocessing = 0;
			shellPath = /bin/sh;
			shellScript = "\"${PODS_ROOT}/Target Support Files/Pods-Nimble-Code-Challenge/Pods-Nimble-Code-Challenge-frameworks.sh\"\n";
			showEnvVarsInLog = 0;
		};
		F71F8641286560CA00767F6E /* SwiftLint */ = {
			isa = PBXShellScriptBuildPhase;
			buildActionMask = 2147483647;
			files = (
			);
			inputFileListPaths = (
			);
			inputPaths = (
			);
			name = SwiftLint;
			outputFileListPaths = (
			);
			outputPaths = (
			);
			runOnlyForDeploymentPostprocessing = 0;
			shellPath = /bin/sh;
			shellScript = "if which swiftlint >/dev/null; then\n  swiftlint\nelse\n  echo \"warning: SwiftLint not installed, download from https://github.com/realm/SwiftLint\"\nfi\n";
		};
/* End PBXShellScriptBuildPhase section */

/* Begin PBXSourcesBuildPhase section */
		F71F860A2865608800767F6E /* Sources */ = {
			isa = PBXSourcesBuildPhase;
			buildActionMask = 2147483647;
			files = (
				F71F867028658EF800767F6E /* NimbleNetworkServiceImpl.swift in Sources */,
				F7EFC0D1286CC0FA00177139 /* HomeViewUseCase.swift in Sources */,
				F7026F7E286D6F9800523A2A /* UILabel+Extensions.swift in Sources */,
				F7EFC0C6286CBD8100177139 /* SurveyImageCell.swift in Sources */,
				F71F865528656A4600767F6E /* LoginViewController.swift in Sources */,
				F71F86512865695C00767F6E /* NSObject+Extensions.swift in Sources */,
				F71F866028656D4D00767F6E /* LoginCoordinator.swift in Sources */,
				F779C2EF28675B4E0046DF5F /* ActivityIndicator.swift in Sources */,
				F779C3132869AC2C0046DF5F /* Credential.swift in Sources */,
				F71F864E2865691500767F6E /* ViewControllerType.swift in Sources */,
				F779C2E3286645660046DF5F /* LoginViewUseCase.swift in Sources */,
				F7026F71286C3E3B00523A2A /* AuthAPI+TargetType.swift in Sources */,
				F7EFC0CA286CBDF500177139 /* HomeViewModel.swift in Sources */,
				F71F8663286583F800767F6E /* NimbleSurveyAPI.swift in Sources */,
				F7EFC0DD286CDB5A00177139 /* KeychainHelper.swift in Sources */,
				F7EFC0CE286CBF5800177139 /* SurveyDTO.swift in Sources */,
				F7026F7A286C50BE00523A2A /* Error+Extensions.swift in Sources */,
				F71F865B28656B0B00767F6E /* AppCoordinator.swift in Sources */,
				F7026F74286C3EA100523A2A /* NimbleNetworkService.swift in Sources */,
				F71F865D28656BA000767F6E /* CoordinatorType.swift in Sources */,
				F71F866A2865859800767F6E /* BaseProvider.swift in Sources */,
				F7026F76286C401800523A2A /* TokenError.swift in Sources */,
				F779C2EC286754F40046DF5F /* UIColor+Extensions.swift in Sources */,
				F779C2FF2869640A0046DF5F /* CredentialDTO.swift in Sources */,
				F779C2EA286751F20046DF5F /* UIView+Extensions.swift in Sources */,
				F779C2E7286646C40046DF5F /* CredentialRepository.swift in Sources */,
				F7EFC0BD286CB2B200177139 /* HandleResponse+Extensions.swift in Sources */,
				F7026F6F286C3E2600523A2A /* AuthAPI.swift in Sources */,
				F779C30C286980570046DF5F /* HomeViewController.swift in Sources */,
				F71F8668286584C800767F6E /* AppConstants.swift in Sources */,
				F779C3112869AC190046DF5F /* UserSession.swift in Sources */,
				F779C30F2869AA1E0046DF5F /* IndicatorLoader.swift in Sources */,
				F7EFC0DB286CCA1C00177139 /* BulletsView.swift in Sources */,
				F7026F6B286C3B4300523A2A /* BaseService.swift in Sources */,
				F779C30628697CEE0046DF5F /* HomeCoordinator.swift in Sources */,
				F71F86122865608800767F6E /* AppDelegate.swift in Sources */,
				F7026F6D286C3E1200523A2A /* AuthService.swift in Sources */,
				F71F864C2865688B00767F6E /* ViewModelType.swift in Sources */,
				F7EFC0D7286CC39D00177139 /* ResponseMeta.swift in Sources */,
				F779C3012869657B0046DF5F /* DataResponseDTO.swift in Sources */,
				F71F865928656A6400767F6E /* LoginViewModel.swift in Sources */,
				F71F86652865846100767F6E /* NimbleSurveyAPI+TargetType.swift in Sources */,
				F779C2F628695A230046DF5F /* APIErrorDTO.swift in Sources */,
				F7EFC0D5286CC38800177139 /* Survey.swift in Sources */,
				F7EFC0D9286CC93600177139 /* Array+Extensions.swift in Sources */,
				F7EFC0D3286CC1F400177139 /* SurveyRepository.swift in Sources */,
			);
			runOnlyForDeploymentPostprocessing = 0;
		};
		F71F86202865608A00767F6E /* Sources */ = {
			isa = PBXSourcesBuildPhase;
			buildActionMask = 2147483647;
			files = (
				F7EFC0B4286B6EF900177139 /* NetworkServiceMock.swift in Sources */,
				F779C3202869EE760046DF5F /* LoginViewModelTest.swift in Sources */,
				F7EFC0AB286B6A2400177139 /* CredentialRepositoryMock.swift in Sources */,
				F7EFC0B1286B6ECB00177139 /* CredentialRepositoryTest.swift in Sources */,
				F7EFC0AF286B6AAD00177139 /* LoginViewUseCaseTest.swift in Sources */,
				F779C3242869EFA30046DF5F /* LoginViewUseCaseMock.swift in Sources */,
				F779C3162869ED7F0046DF5F /* Mockable.swift in Sources */,
				F779C3222869EED00046DF5F /* DataTypeMock.swift in Sources */,
			);
			runOnlyForDeploymentPostprocessing = 0;
		};
/* End PBXSourcesBuildPhase section */

/* Begin PBXTargetDependency section */
		F71F86262865608A00767F6E /* PBXTargetDependency */ = {
			isa = PBXTargetDependency;
			target = F71F860D2865608800767F6E /* Nimble-Code-Challenge */;
			targetProxy = F71F86252865608A00767F6E /* PBXContainerItemProxy */;
		};
/* End PBXTargetDependency section */

/* Begin PBXVariantGroup section */
		F71F861C2865608900767F6E /* LaunchScreen.storyboard */ = {
			isa = PBXVariantGroup;
			children = (
				F71F861D2865608900767F6E /* Base */,
			);
			name = LaunchScreen.storyboard;
			sourceTree = "<group>";
		};
/* End PBXVariantGroup section */

/* Begin XCBuildConfiguration section */
		F71F86362865608A00767F6E /* Debug */ = {
			isa = XCBuildConfiguration;
			buildSettings = {
				ALWAYS_SEARCH_USER_PATHS = NO;
				CLANG_ANALYZER_NONNULL = YES;
				CLANG_ANALYZER_NUMBER_OBJECT_CONVERSION = YES_AGGRESSIVE;
				CLANG_CXX_LANGUAGE_STANDARD = "gnu++17";
				CLANG_ENABLE_MODULES = YES;
				CLANG_ENABLE_OBJC_ARC = YES;
				CLANG_ENABLE_OBJC_WEAK = YES;
				CLANG_WARN_BLOCK_CAPTURE_AUTORELEASING = YES;
				CLANG_WARN_BOOL_CONVERSION = YES;
				CLANG_WARN_COMMA = YES;
				CLANG_WARN_CONSTANT_CONVERSION = YES;
				CLANG_WARN_DEPRECATED_OBJC_IMPLEMENTATIONS = YES;
				CLANG_WARN_DIRECT_OBJC_ISA_USAGE = YES_ERROR;
				CLANG_WARN_DOCUMENTATION_COMMENTS = YES;
				CLANG_WARN_EMPTY_BODY = YES;
				CLANG_WARN_ENUM_CONVERSION = YES;
				CLANG_WARN_INFINITE_RECURSION = YES;
				CLANG_WARN_INT_CONVERSION = YES;
				CLANG_WARN_NON_LITERAL_NULL_CONVERSION = YES;
				CLANG_WARN_OBJC_IMPLICIT_RETAIN_SELF = YES;
				CLANG_WARN_OBJC_LITERAL_CONVERSION = YES;
				CLANG_WARN_OBJC_ROOT_CLASS = YES_ERROR;
				CLANG_WARN_QUOTED_INCLUDE_IN_FRAMEWORK_HEADER = YES;
				CLANG_WARN_RANGE_LOOP_ANALYSIS = YES;
				CLANG_WARN_STRICT_PROTOTYPES = YES;
				CLANG_WARN_SUSPICIOUS_MOVE = YES;
				CLANG_WARN_UNGUARDED_AVAILABILITY = YES_AGGRESSIVE;
				CLANG_WARN_UNREACHABLE_CODE = YES;
				CLANG_WARN__DUPLICATE_METHOD_MATCH = YES;
				COPY_PHASE_STRIP = NO;
				DEBUG_INFORMATION_FORMAT = dwarf;
				ENABLE_STRICT_OBJC_MSGSEND = YES;
				ENABLE_TESTABILITY = YES;
				GCC_C_LANGUAGE_STANDARD = gnu11;
				GCC_DYNAMIC_NO_PIC = NO;
				GCC_NO_COMMON_BLOCKS = YES;
				GCC_OPTIMIZATION_LEVEL = 0;
				GCC_PREPROCESSOR_DEFINITIONS = (
					"DEBUG=1",
					"$(inherited)",
				);
				GCC_WARN_64_TO_32_BIT_CONVERSION = YES;
				GCC_WARN_ABOUT_RETURN_TYPE = YES_ERROR;
				GCC_WARN_UNDECLARED_SELECTOR = YES;
				GCC_WARN_UNINITIALIZED_AUTOS = YES_AGGRESSIVE;
				GCC_WARN_UNUSED_FUNCTION = YES;
				GCC_WARN_UNUSED_VARIABLE = YES;
				IPHONEOS_DEPLOYMENT_TARGET = 10.0;
				MTL_ENABLE_DEBUG_INFO = INCLUDE_SOURCE;
				MTL_FAST_MATH = YES;
				ONLY_ACTIVE_ARCH = YES;
				SDKROOT = iphoneos;
				SWIFT_ACTIVE_COMPILATION_CONDITIONS = DEBUG;
				SWIFT_OPTIMIZATION_LEVEL = "-Onone";
			};
			name = Debug;
		};
		F71F86372865608A00767F6E /* Release */ = {
			isa = XCBuildConfiguration;
			buildSettings = {
				ALWAYS_SEARCH_USER_PATHS = NO;
				CLANG_ANALYZER_NONNULL = YES;
				CLANG_ANALYZER_NUMBER_OBJECT_CONVERSION = YES_AGGRESSIVE;
				CLANG_CXX_LANGUAGE_STANDARD = "gnu++17";
				CLANG_ENABLE_MODULES = YES;
				CLANG_ENABLE_OBJC_ARC = YES;
				CLANG_ENABLE_OBJC_WEAK = YES;
				CLANG_WARN_BLOCK_CAPTURE_AUTORELEASING = YES;
				CLANG_WARN_BOOL_CONVERSION = YES;
				CLANG_WARN_COMMA = YES;
				CLANG_WARN_CONSTANT_CONVERSION = YES;
				CLANG_WARN_DEPRECATED_OBJC_IMPLEMENTATIONS = YES;
				CLANG_WARN_DIRECT_OBJC_ISA_USAGE = YES_ERROR;
				CLANG_WARN_DOCUMENTATION_COMMENTS = YES;
				CLANG_WARN_EMPTY_BODY = YES;
				CLANG_WARN_ENUM_CONVERSION = YES;
				CLANG_WARN_INFINITE_RECURSION = YES;
				CLANG_WARN_INT_CONVERSION = YES;
				CLANG_WARN_NON_LITERAL_NULL_CONVERSION = YES;
				CLANG_WARN_OBJC_IMPLICIT_RETAIN_SELF = YES;
				CLANG_WARN_OBJC_LITERAL_CONVERSION = YES;
				CLANG_WARN_OBJC_ROOT_CLASS = YES_ERROR;
				CLANG_WARN_QUOTED_INCLUDE_IN_FRAMEWORK_HEADER = YES;
				CLANG_WARN_RANGE_LOOP_ANALYSIS = YES;
				CLANG_WARN_STRICT_PROTOTYPES = YES;
				CLANG_WARN_SUSPICIOUS_MOVE = YES;
				CLANG_WARN_UNGUARDED_AVAILABILITY = YES_AGGRESSIVE;
				CLANG_WARN_UNREACHABLE_CODE = YES;
				CLANG_WARN__DUPLICATE_METHOD_MATCH = YES;
				COPY_PHASE_STRIP = NO;
				DEBUG_INFORMATION_FORMAT = "dwarf-with-dsym";
				ENABLE_NS_ASSERTIONS = NO;
				ENABLE_STRICT_OBJC_MSGSEND = YES;
				GCC_C_LANGUAGE_STANDARD = gnu11;
				GCC_NO_COMMON_BLOCKS = YES;
				GCC_WARN_64_TO_32_BIT_CONVERSION = YES;
				GCC_WARN_ABOUT_RETURN_TYPE = YES_ERROR;
				GCC_WARN_UNDECLARED_SELECTOR = YES;
				GCC_WARN_UNINITIALIZED_AUTOS = YES_AGGRESSIVE;
				GCC_WARN_UNUSED_FUNCTION = YES;
				GCC_WARN_UNUSED_VARIABLE = YES;
				IPHONEOS_DEPLOYMENT_TARGET = 10.0;
				MTL_ENABLE_DEBUG_INFO = NO;
				MTL_FAST_MATH = YES;
				SDKROOT = iphoneos;
				SWIFT_COMPILATION_MODE = wholemodule;
				SWIFT_OPTIMIZATION_LEVEL = "-O";
				VALIDATE_PRODUCT = YES;
			};
			name = Release;
		};
		F71F86392865608A00767F6E /* Debug */ = {
			isa = XCBuildConfiguration;
			baseConfigurationReference = 52401E2BA42C13F227C682B1 /* Pods-Nimble-Code-Challenge.debug.xcconfig */;
			buildSettings = {
				ASSETCATALOG_COMPILER_APPICON_NAME = AppIcon;
				ASSETCATALOG_COMPILER_GLOBAL_ACCENT_COLOR_NAME = AccentColor;
				CODE_SIGN_STYLE = Automatic;
				CURRENT_PROJECT_VERSION = 1;
				DEBUG_INFORMATION_FORMAT = "dwarf-with-dsym";
				DEVELOPMENT_TEAM = 28332VQ6S8;
				GENERATE_INFOPLIST_FILE = YES;
				INFOPLIST_FILE = "Nimble-Code-Challenge/Resources/Info.plist";
				INFOPLIST_KEY_UIApplicationSupportsIndirectInputEvents = YES;
				INFOPLIST_KEY_UILaunchStoryboardName = LaunchScreen;
				INFOPLIST_KEY_UIStatusBarHidden = NO;
				INFOPLIST_KEY_UISupportedInterfaceOrientations = UIInterfaceOrientationPortrait;
				INFOPLIST_KEY_UISupportedInterfaceOrientations_iPad = "UIInterfaceOrientationPortrait UIInterfaceOrientationPortraitUpsideDown UIInterfaceOrientationLandscapeLeft UIInterfaceOrientationLandscapeRight";
				INFOPLIST_KEY_UISupportedInterfaceOrientations_iPhone = "UIInterfaceOrientationPortrait UIInterfaceOrientationLandscapeLeft UIInterfaceOrientationLandscapeRight";
				IPHONEOS_DEPLOYMENT_TARGET = 11.0;
				LD_RUNPATH_SEARCH_PATHS = (
					"$(inherited)",
					"@executable_path/Frameworks",
				);
				MARKETING_VERSION = 1.0;
				PRODUCT_BUNDLE_IDENTIFIER = "com.shan.Nimble-Code-Challenge";
				PRODUCT_NAME = "$(TARGET_NAME)";
				SWIFT_EMIT_LOC_STRINGS = YES;
				SWIFT_VERSION = 5.0;
				TARGETED_DEVICE_FAMILY = "1,2";
			};
			name = Debug;
		};
		F71F863A2865608A00767F6E /* Release */ = {
			isa = XCBuildConfiguration;
			baseConfigurationReference = 57A2A952F10B66E5F2FCE905 /* Pods-Nimble-Code-Challenge.release.xcconfig */;
			buildSettings = {
				ASSETCATALOG_COMPILER_APPICON_NAME = AppIcon;
				ASSETCATALOG_COMPILER_GLOBAL_ACCENT_COLOR_NAME = AccentColor;
				CODE_SIGN_STYLE = Automatic;
				CURRENT_PROJECT_VERSION = 1;
				DEVELOPMENT_TEAM = 28332VQ6S8;
				GENERATE_INFOPLIST_FILE = YES;
				INFOPLIST_FILE = "Nimble-Code-Challenge/Resources/Info.plist";
				INFOPLIST_KEY_UIApplicationSupportsIndirectInputEvents = YES;
				INFOPLIST_KEY_UILaunchStoryboardName = LaunchScreen;
				INFOPLIST_KEY_UIStatusBarHidden = NO;
				INFOPLIST_KEY_UISupportedInterfaceOrientations = UIInterfaceOrientationPortrait;
				INFOPLIST_KEY_UISupportedInterfaceOrientations_iPad = "UIInterfaceOrientationPortrait UIInterfaceOrientationPortraitUpsideDown UIInterfaceOrientationLandscapeLeft UIInterfaceOrientationLandscapeRight";
				INFOPLIST_KEY_UISupportedInterfaceOrientations_iPhone = "UIInterfaceOrientationPortrait UIInterfaceOrientationLandscapeLeft UIInterfaceOrientationLandscapeRight";
				IPHONEOS_DEPLOYMENT_TARGET = 11.0;
				LD_RUNPATH_SEARCH_PATHS = (
					"$(inherited)",
					"@executable_path/Frameworks",
				);
				MARKETING_VERSION = 1.0;
				PRODUCT_BUNDLE_IDENTIFIER = "com.shan.Nimble-Code-Challenge";
				PRODUCT_NAME = "$(TARGET_NAME)";
				SWIFT_EMIT_LOC_STRINGS = YES;
				SWIFT_VERSION = 5.0;
				TARGETED_DEVICE_FAMILY = "1,2";
			};
			name = Release;
		};
		F71F863C2865608A00767F6E /* Debug */ = {
			isa = XCBuildConfiguration;
			baseConfigurationReference = 8B625CCB9A94CD0678BCF27F /* Pods-Nimble-Code-ChallengeTests.debug.xcconfig */;
			buildSettings = {
				BUNDLE_LOADER = "$(TEST_HOST)";
				CLANG_ENABLE_MODULES = YES;
				CODE_SIGN_STYLE = Automatic;
				CURRENT_PROJECT_VERSION = 1;
				DEVELOPMENT_TEAM = 28332VQ6S8;
				GENERATE_INFOPLIST_FILE = YES;
				IPHONEOS_DEPLOYMENT_TARGET = 10.0;
				LD_RUNPATH_SEARCH_PATHS = (
					"$(inherited)",
					"@executable_path/Frameworks",
					"@loader_path/Frameworks",
				);
				MARKETING_VERSION = 1.0;
				PRODUCT_BUNDLE_IDENTIFIER = "com.shan.Nimble-Code-ChallengeTests";
				PRODUCT_NAME = "$(TARGET_NAME)";
				SWIFT_EMIT_LOC_STRINGS = NO;
				SWIFT_OPTIMIZATION_LEVEL = "-Onone";
				SWIFT_VERSION = 5.0;
				TARGETED_DEVICE_FAMILY = "1,2";
				TEST_HOST = "$(BUILT_PRODUCTS_DIR)/Nimble-Code-Challenge.app/Nimble-Code-Challenge";
				TVOS_DEPLOYMENT_TARGET = 13.0;
			};
			name = Debug;
		};
		F71F863D2865608A00767F6E /* Release */ = {
			isa = XCBuildConfiguration;
			baseConfigurationReference = 9930A1EC650CD6B9F273666E /* Pods-Nimble-Code-ChallengeTests.release.xcconfig */;
			buildSettings = {
				BUNDLE_LOADER = "$(TEST_HOST)";
				CLANG_ENABLE_MODULES = YES;
				CODE_SIGN_STYLE = Automatic;
				CURRENT_PROJECT_VERSION = 1;
				DEVELOPMENT_TEAM = 28332VQ6S8;
				GENERATE_INFOPLIST_FILE = YES;
				IPHONEOS_DEPLOYMENT_TARGET = 10.0;
				LD_RUNPATH_SEARCH_PATHS = (
					"$(inherited)",
					"@executable_path/Frameworks",
					"@loader_path/Frameworks",
				);
				MARKETING_VERSION = 1.0;
				PRODUCT_BUNDLE_IDENTIFIER = "com.shan.Nimble-Code-ChallengeTests";
				PRODUCT_NAME = "$(TARGET_NAME)";
				SWIFT_EMIT_LOC_STRINGS = NO;
				SWIFT_VERSION = 5.0;
				TARGETED_DEVICE_FAMILY = "1,2";
				TEST_HOST = "$(BUILT_PRODUCTS_DIR)/Nimble-Code-Challenge.app/Nimble-Code-Challenge";
				TVOS_DEPLOYMENT_TARGET = 13.0;
			};
			name = Release;
		};
/* End XCBuildConfiguration section */

/* Begin XCConfigurationList section */
		F71F86092865608800767F6E /* Build configuration list for PBXProject "Nimble-Code-Challenge" */ = {
			isa = XCConfigurationList;
			buildConfigurations = (
				F71F86362865608A00767F6E /* Debug */,
				F71F86372865608A00767F6E /* Release */,
			);
			defaultConfigurationIsVisible = 0;
			defaultConfigurationName = Release;
		};
		F71F86382865608A00767F6E /* Build configuration list for PBXNativeTarget "Nimble-Code-Challenge" */ = {
			isa = XCConfigurationList;
			buildConfigurations = (
				F71F86392865608A00767F6E /* Debug */,
				F71F863A2865608A00767F6E /* Release */,
			);
			defaultConfigurationIsVisible = 0;
			defaultConfigurationName = Release;
		};
		F71F863B2865608A00767F6E /* Build configuration list for PBXNativeTarget "Nimble-Code-ChallengeTests" */ = {
			isa = XCConfigurationList;
			buildConfigurations = (
				F71F863C2865608A00767F6E /* Debug */,
				F71F863D2865608A00767F6E /* Release */,
			);
			defaultConfigurationIsVisible = 0;
			defaultConfigurationName = Release;
		};
/* End XCConfigurationList section */
	};
	rootObject = F71F86062865608800767F6E /* Project object */;
}
